// !$*UTF8*$!
{
	archiveVersion = 1;
	classes = {
	};
	objectVersion = 50;
	objects = {

/* Begin PBXBuildFile section */
		4286F654A14159272CA447DB /* Pods_TopMovies.framework in Frameworks */ = {isa = PBXBuildFile; fileRef = AFBA4E34AE3184B859C57E09 /* Pods_TopMovies.framework */; };
		6B3B8429220A7C20227E25B2 /* Pods_TopMoviesUITests.framework in Frameworks */ = {isa = PBXBuildFile; fileRef = 746A691426AEBF5D9744BF08 /* Pods_TopMoviesUITests.framework */; };
		ACAF5EC82223068D00644CB6 /* AppDelegate.swift in Sources */ = {isa = PBXBuildFile; fileRef = ACAF5EC72223068D00644CB6 /* AppDelegate.swift */; };
		ACAF5ED02223068D00644CB6 /* TopMovies.xcdatamodeld in Sources */ = {isa = PBXBuildFile; fileRef = ACAF5ECE2223068D00644CB6 /* TopMovies.xcdatamodeld */; };
		ACAF5ED22223068F00644CB6 /* Assets.xcassets in Resources */ = {isa = PBXBuildFile; fileRef = ACAF5ED12223068F00644CB6 /* Assets.xcassets */; };
		ACAF5ED52223068F00644CB6 /* LaunchScreen.storyboard in Resources */ = {isa = PBXBuildFile; fileRef = ACAF5ED32223068F00644CB6 /* LaunchScreen.storyboard */; };
		ACAF5EEB2223069000644CB6 /* TopMoviesUITests.swift in Sources */ = {isa = PBXBuildFile; fileRef = ACAF5EEA2223069000644CB6 /* TopMoviesUITests.swift */; };
		ACAF5F202223076400644CB6 /* Constants.swift in Sources */ = {isa = PBXBuildFile; fileRef = ACAF5EFC2223076400644CB6 /* Constants.swift */; };
		ACAF5F212223076400644CB6 /* Reachability.swift in Sources */ = {isa = PBXBuildFile; fileRef = ACAF5EFD2223076400644CB6 /* Reachability.swift */; };
		ACAF5F222223076400644CB6 /* Main.storyboard in Resources */ = {isa = PBXBuildFile; fileRef = ACAF5EFF2223076400644CB6 /* Main.storyboard */; };
		ACAF5F232223076400644CB6 /* Alert.swift in Sources */ = {isa = PBXBuildFile; fileRef = ACAF5F022223076400644CB6 /* Alert.swift */; };
		ACAF5F242223076400644CB6 /* CornerRadius.swift.swift in Sources */ = {isa = PBXBuildFile; fileRef = ACAF5F032223076400644CB6 /* CornerRadius.swift.swift */; };
		ACAF5F252223076400644CB6 /* MovieDetail.swift in Sources */ = {isa = PBXBuildFile; fileRef = ACAF5F052223076400644CB6 /* MovieDetail.swift */; };
		ACAF5F262223076400644CB6 /* MovieCoreData.swift in Sources */ = {isa = PBXBuildFile; fileRef = ACAF5F062223076400644CB6 /* MovieCoreData.swift */; };
		ACAF5F272223076400644CB6 /* Movies.swift in Sources */ = {isa = PBXBuildFile; fileRef = ACAF5F072223076400644CB6 /* Movies.swift */; };
		ACAF5F282223076400644CB6 /* CoreDataManager.swift in Sources */ = {isa = PBXBuildFile; fileRef = ACAF5F092223076400644CB6 /* CoreDataManager.swift */; };
		ACAF5F292223076400644CB6 /* Response.swift in Sources */ = {isa = PBXBuildFile; fileRef = ACAF5F0A2223076400644CB6 /* Response.swift */; };
		ACAF5F2A2223076400644CB6 /* API.swift in Sources */ = {isa = PBXBuildFile; fileRef = ACAF5F0B2223076400644CB6 /* API.swift */; };
		ACAF5F2B2223076400644CB6 /* ListMovieViewOfflineModel.swift in Sources */ = {isa = PBXBuildFile; fileRef = ACAF5F0E2223076400644CB6 /* ListMovieViewOfflineModel.swift */; };
		ACAF5F2C2223076400644CB6 /* ListMovieViewModel.swift in Sources */ = {isa = PBXBuildFile; fileRef = ACAF5F0F2223076400644CB6 /* ListMovieViewModel.swift */; };
		ACAF5F2D2223076400644CB6 /* ListMovieCell.xib in Resources */ = {isa = PBXBuildFile; fileRef = ACAF5F112223076400644CB6 /* ListMovieCell.xib */; };
		ACAF5F2E2223076400644CB6 /* ListMovieCell.swift in Sources */ = {isa = PBXBuildFile; fileRef = ACAF5F122223076400644CB6 /* ListMovieCell.swift */; };
		ACAF5F2F2223076400644CB6 /* MovieOnlineDataSource.swift in Sources */ = {isa = PBXBuildFile; fileRef = ACAF5F142223076400644CB6 /* MovieOnlineDataSource.swift */; };
		ACAF5F302223076400644CB6 /* ListMovieViewController.swift in Sources */ = {isa = PBXBuildFile; fileRef = ACAF5F152223076400644CB6 /* ListMovieViewController.swift */; };
		ACAF5F312223076400644CB6 /* MovieOfflineDataSource.swift in Sources */ = {isa = PBXBuildFile; fileRef = ACAF5F162223076400644CB6 /* MovieOfflineDataSource.swift */; };
		ACAF5F322223076400644CB6 /* DetailViewModel.swift in Sources */ = {isa = PBXBuildFile; fileRef = ACAF5F192223076400644CB6 /* DetailViewModel.swift */; };
		ACAF5F332223076400644CB6 /* DetailLogoCell.xib in Resources */ = {isa = PBXBuildFile; fileRef = ACAF5F1B2223076400644CB6 /* DetailLogoCell.xib */; };
		ACAF5F342223076400644CB6 /* DetailLogoCell.swift in Sources */ = {isa = PBXBuildFile; fileRef = ACAF5F1C2223076400644CB6 /* DetailLogoCell.swift */; };
		ACAF5F352223076400644CB6 /* DetailViewController.swift in Sources */ = {isa = PBXBuildFile; fileRef = ACAF5F1E2223076400644CB6 /* DetailViewController.swift */; };
		ACAF5F362223076400644CB6 /* DetailMovieDataSourceDelegate.swift in Sources */ = {isa = PBXBuildFile; fileRef = ACAF5F1F2223076400644CB6 /* DetailMovieDataSourceDelegate.swift */; };
		ACAF5F3A2223082800644CB6 /* DetailViewModelTest.swift in Sources */ = {isa = PBXBuildFile; fileRef = ACAF5F372223082800644CB6 /* DetailViewModelTest.swift */; };
		ACAF5F3B2223082800644CB6 /* ListMovieViewModelTests.swift in Sources */ = {isa = PBXBuildFile; fileRef = ACAF5F382223082800644CB6 /* ListMovieViewModelTests.swift */; };
		ACAF5F3C2223082900644CB6 /* ServiceMock.swift in Sources */ = {isa = PBXBuildFile; fileRef = ACAF5F392223082800644CB6 /* ServiceMock.swift */; };
		B92CB142CB37638046532F32 /* Pods_TopMoviesTests.framework in Frameworks */ = {isa = PBXBuildFile; fileRef = 0FEE88FB3C10BB4F871B5F0C /* Pods_TopMoviesTests.framework */; };
/* End PBXBuildFile section */

/* Begin PBXContainerItemProxy section */
		ACAF5EDC2223068F00644CB6 /* PBXContainerItemProxy */ = {
			isa = PBXContainerItemProxy;
			containerPortal = ACAF5EBC2223068D00644CB6 /* Project object */;
			proxyType = 1;
			remoteGlobalIDString = ACAF5EC32223068D00644CB6;
			remoteInfo = TopMovies;
		};
		ACAF5EE72223069000644CB6 /* PBXContainerItemProxy */ = {
			isa = PBXContainerItemProxy;
			containerPortal = ACAF5EBC2223068D00644CB6 /* Project object */;
			proxyType = 1;
			remoteGlobalIDString = ACAF5EC32223068D00644CB6;
			remoteInfo = TopMovies;
		};
/* End PBXContainerItemProxy section */

/* Begin PBXFileReference section */
		0FEE88FB3C10BB4F871B5F0C /* Pods_TopMoviesTests.framework */ = {isa = PBXFileReference; explicitFileType = wrapper.framework; includeInIndex = 0; path = Pods_TopMoviesTests.framework; sourceTree = BUILT_PRODUCTS_DIR; };
		121176F4ECA4C2E66531B92F /* Pods-TopMoviesUITests.release.xcconfig */ = {isa = PBXFileReference; includeInIndex = 1; lastKnownFileType = text.xcconfig; name = "Pods-TopMoviesUITests.release.xcconfig"; path = "Target Support Files/Pods-TopMoviesUITests/Pods-TopMoviesUITests.release.xcconfig"; sourceTree = "<group>"; };
		2964E3823FB0C86E158754BC /* Pods-TopMovies.release.xcconfig */ = {isa = PBXFileReference; includeInIndex = 1; lastKnownFileType = text.xcconfig; name = "Pods-TopMovies.release.xcconfig"; path = "Target Support Files/Pods-TopMovies/Pods-TopMovies.release.xcconfig"; sourceTree = "<group>"; };
		35AAD893B6ECD3FE6C00656A /* Pods-TopMoviesUITests.debug.xcconfig */ = {isa = PBXFileReference; includeInIndex = 1; lastKnownFileType = text.xcconfig; name = "Pods-TopMoviesUITests.debug.xcconfig"; path = "Target Support Files/Pods-TopMoviesUITests/Pods-TopMoviesUITests.debug.xcconfig"; sourceTree = "<group>"; };
		48DDD270199EDF429F5986E7 /* Pods-TopMoviesTests.debug.xcconfig */ = {isa = PBXFileReference; includeInIndex = 1; lastKnownFileType = text.xcconfig; name = "Pods-TopMoviesTests.debug.xcconfig"; path = "Target Support Files/Pods-TopMoviesTests/Pods-TopMoviesTests.debug.xcconfig"; sourceTree = "<group>"; };
		746A691426AEBF5D9744BF08 /* Pods_TopMoviesUITests.framework */ = {isa = PBXFileReference; explicitFileType = wrapper.framework; includeInIndex = 0; path = Pods_TopMoviesUITests.framework; sourceTree = BUILT_PRODUCTS_DIR; };
		917E151A37B3532FB20F6E07 /* Pods-TopMoviesTests.release.xcconfig */ = {isa = PBXFileReference; includeInIndex = 1; lastKnownFileType = text.xcconfig; name = "Pods-TopMoviesTests.release.xcconfig"; path = "Target Support Files/Pods-TopMoviesTests/Pods-TopMoviesTests.release.xcconfig"; sourceTree = "<group>"; };
		A2452FA3EE486076D052B6BD /* Pods-TopMovies.debug.xcconfig */ = {isa = PBXFileReference; includeInIndex = 1; lastKnownFileType = text.xcconfig; name = "Pods-TopMovies.debug.xcconfig"; path = "Target Support Files/Pods-TopMovies/Pods-TopMovies.debug.xcconfig"; sourceTree = "<group>"; };
		ACAF5EC42223068D00644CB6 /* TopMovies.app */ = {isa = PBXFileReference; explicitFileType = wrapper.application; includeInIndex = 0; path = TopMovies.app; sourceTree = BUILT_PRODUCTS_DIR; };
		ACAF5EC72223068D00644CB6 /* AppDelegate.swift */ = {isa = PBXFileReference; lastKnownFileType = sourcecode.swift; path = AppDelegate.swift; sourceTree = "<group>"; };
		ACAF5ECF2223068D00644CB6 /* TopMovies.xcdatamodel */ = {isa = PBXFileReference; lastKnownFileType = wrapper.xcdatamodel; path = TopMovies.xcdatamodel; sourceTree = "<group>"; };
		ACAF5ED12223068F00644CB6 /* Assets.xcassets */ = {isa = PBXFileReference; lastKnownFileType = folder.assetcatalog; path = Assets.xcassets; sourceTree = "<group>"; };
		ACAF5ED42223068F00644CB6 /* Base */ = {isa = PBXFileReference; lastKnownFileType = file.storyboard; name = Base; path = Base.lproj/LaunchScreen.storyboard; sourceTree = "<group>"; };
		ACAF5ED62223068F00644CB6 /* Info.plist */ = {isa = PBXFileReference; lastKnownFileType = text.plist.xml; path = Info.plist; sourceTree = "<group>"; };
		ACAF5EDB2223068F00644CB6 /* TopMoviesTests.xctest */ = {isa = PBXFileReference; explicitFileType = wrapper.cfbundle; includeInIndex = 0; path = TopMoviesTests.xctest; sourceTree = BUILT_PRODUCTS_DIR; };
		ACAF5EE12223069000644CB6 /* Info.plist */ = {isa = PBXFileReference; lastKnownFileType = text.plist.xml; path = Info.plist; sourceTree = "<group>"; };
		ACAF5EE62223069000644CB6 /* TopMoviesUITests.xctest */ = {isa = PBXFileReference; explicitFileType = wrapper.cfbundle; includeInIndex = 0; path = TopMoviesUITests.xctest; sourceTree = BUILT_PRODUCTS_DIR; };
		ACAF5EEA2223069000644CB6 /* TopMoviesUITests.swift */ = {isa = PBXFileReference; lastKnownFileType = sourcecode.swift; path = TopMoviesUITests.swift; sourceTree = "<group>"; };
		ACAF5EEC2223069000644CB6 /* Info.plist */ = {isa = PBXFileReference; lastKnownFileType = text.plist.xml; path = Info.plist; sourceTree = "<group>"; };
		ACAF5EFC2223076400644CB6 /* Constants.swift */ = {isa = PBXFileReference; fileEncoding = 4; lastKnownFileType = sourcecode.swift; path = Constants.swift; sourceTree = "<group>"; };
		ACAF5EFD2223076400644CB6 /* Reachability.swift */ = {isa = PBXFileReference; fileEncoding = 4; lastKnownFileType = sourcecode.swift; path = Reachability.swift; sourceTree = "<group>"; };
		ACAF5F002223076400644CB6 /* Base */ = {isa = PBXFileReference; lastKnownFileType = file.storyboard; name = Base; path = Base.lproj/Main.storyboard; sourceTree = "<group>"; };
		ACAF5F022223076400644CB6 /* Alert.swift */ = {isa = PBXFileReference; fileEncoding = 4; lastKnownFileType = sourcecode.swift; path = Alert.swift; sourceTree = "<group>"; };
		ACAF5F032223076400644CB6 /* CornerRadius.swift.swift */ = {isa = PBXFileReference; fileEncoding = 4; lastKnownFileType = sourcecode.swift; path = CornerRadius.swift.swift; sourceTree = "<group>"; };
		ACAF5F052223076400644CB6 /* MovieDetail.swift */ = {isa = PBXFileReference; fileEncoding = 4; lastKnownFileType = sourcecode.swift; path = MovieDetail.swift; sourceTree = "<group>"; };
		ACAF5F062223076400644CB6 /* MovieCoreData.swift */ = {isa = PBXFileReference; fileEncoding = 4; lastKnownFileType = sourcecode.swift; path = MovieCoreData.swift; sourceTree = "<group>"; };
		ACAF5F072223076400644CB6 /* Movies.swift */ = {isa = PBXFileReference; fileEncoding = 4; lastKnownFileType = sourcecode.swift; path = Movies.swift; sourceTree = "<group>"; };
		ACAF5F092223076400644CB6 /* CoreDataManager.swift */ = {isa = PBXFileReference; fileEncoding = 4; lastKnownFileType = sourcecode.swift; path = CoreDataManager.swift; sourceTree = "<group>"; };
		ACAF5F0A2223076400644CB6 /* Response.swift */ = {isa = PBXFileReference; fileEncoding = 4; lastKnownFileType = sourcecode.swift; path = Response.swift; sourceTree = "<group>"; };
		ACAF5F0B2223076400644CB6 /* API.swift */ = {isa = PBXFileReference; fileEncoding = 4; lastKnownFileType = sourcecode.swift; path = API.swift; sourceTree = "<group>"; };
		ACAF5F0E2223076400644CB6 /* ListMovieViewOfflineModel.swift */ = {isa = PBXFileReference; fileEncoding = 4; lastKnownFileType = sourcecode.swift; path = ListMovieViewOfflineModel.swift; sourceTree = "<group>"; };
		ACAF5F0F2223076400644CB6 /* ListMovieViewModel.swift */ = {isa = PBXFileReference; fileEncoding = 4; lastKnownFileType = sourcecode.swift; path = ListMovieViewModel.swift; sourceTree = "<group>"; };
		ACAF5F112223076400644CB6 /* ListMovieCell.xib */ = {isa = PBXFileReference; fileEncoding = 4; lastKnownFileType = file.xib; path = ListMovieCell.xib; sourceTree = "<group>"; };
		ACAF5F122223076400644CB6 /* ListMovieCell.swift */ = {isa = PBXFileReference; fileEncoding = 4; lastKnownFileType = sourcecode.swift; path = ListMovieCell.swift; sourceTree = "<group>"; };
		ACAF5F142223076400644CB6 /* MovieOnlineDataSource.swift */ = {isa = PBXFileReference; fileEncoding = 4; lastKnownFileType = sourcecode.swift; path = MovieOnlineDataSource.swift; sourceTree = "<group>"; };
		ACAF5F152223076400644CB6 /* ListMovieViewController.swift */ = {isa = PBXFileReference; fileEncoding = 4; lastKnownFileType = sourcecode.swift; path = ListMovieViewController.swift; sourceTree = "<group>"; };
		ACAF5F162223076400644CB6 /* MovieOfflineDataSource.swift */ = {isa = PBXFileReference; fileEncoding = 4; lastKnownFileType = sourcecode.swift; path = MovieOfflineDataSource.swift; sourceTree = "<group>"; };
		ACAF5F192223076400644CB6 /* DetailViewModel.swift */ = {isa = PBXFileReference; fileEncoding = 4; lastKnownFileType = sourcecode.swift; path = DetailViewModel.swift; sourceTree = "<group>"; };
		ACAF5F1B2223076400644CB6 /* DetailLogoCell.xib */ = {isa = PBXFileReference; fileEncoding = 4; lastKnownFileType = file.xib; path = DetailLogoCell.xib; sourceTree = "<group>"; };
		ACAF5F1C2223076400644CB6 /* DetailLogoCell.swift */ = {isa = PBXFileReference; fileEncoding = 4; lastKnownFileType = sourcecode.swift; path = DetailLogoCell.swift; sourceTree = "<group>"; };
		ACAF5F1E2223076400644CB6 /* DetailViewController.swift */ = {isa = PBXFileReference; fileEncoding = 4; lastKnownFileType = sourcecode.swift; path = DetailViewController.swift; sourceTree = "<group>"; };
		ACAF5F1F2223076400644CB6 /* DetailMovieDataSourceDelegate.swift */ = {isa = PBXFileReference; fileEncoding = 4; lastKnownFileType = sourcecode.swift; path = DetailMovieDataSourceDelegate.swift; sourceTree = "<group>"; };
		ACAF5F372223082800644CB6 /* DetailViewModelTest.swift */ = {isa = PBXFileReference; fileEncoding = 4; lastKnownFileType = sourcecode.swift; path = DetailViewModelTest.swift; sourceTree = "<group>"; };
		ACAF5F382223082800644CB6 /* ListMovieViewModelTests.swift */ = {isa = PBXFileReference; fileEncoding = 4; lastKnownFileType = sourcecode.swift; path = ListMovieViewModelTests.swift; sourceTree = "<group>"; };
		ACAF5F392223082800644CB6 /* ServiceMock.swift */ = {isa = PBXFileReference; fileEncoding = 4; lastKnownFileType = sourcecode.swift; path = ServiceMock.swift; sourceTree = "<group>"; };
		AFBA4E34AE3184B859C57E09 /* Pods_TopMovies.framework */ = {isa = PBXFileReference; explicitFileType = wrapper.framework; includeInIndex = 0; path = Pods_TopMovies.framework; sourceTree = BUILT_PRODUCTS_DIR; };
/* End PBXFileReference section */

/* Begin PBXFrameworksBuildPhase section */
		ACAF5EC12223068D00644CB6 /* Frameworks */ = {
			isa = PBXFrameworksBuildPhase;
			buildActionMask = 2147483647;
			files = (
				4286F654A14159272CA447DB /* Pods_TopMovies.framework in Frameworks */,
			);
			runOnlyForDeploymentPostprocessing = 0;
		};
		ACAF5ED82223068F00644CB6 /* Frameworks */ = {
			isa = PBXFrameworksBuildPhase;
			buildActionMask = 2147483647;
			files = (
				B92CB142CB37638046532F32 /* Pods_TopMoviesTests.framework in Frameworks */,
			);
			runOnlyForDeploymentPostprocessing = 0;
		};
		ACAF5EE32223069000644CB6 /* Frameworks */ = {
			isa = PBXFrameworksBuildPhase;
			buildActionMask = 2147483647;
			files = (
				6B3B8429220A7C20227E25B2 /* Pods_TopMoviesUITests.framework in Frameworks */,
			);
			runOnlyForDeploymentPostprocessing = 0;
		};
/* End PBXFrameworksBuildPhase section */

/* Begin PBXGroup section */
		74CE5AA98277B45FEE400BFE /* Frameworks */ = {
			isa = PBXGroup;
			children = (
				AFBA4E34AE3184B859C57E09 /* Pods_TopMovies.framework */,
				0FEE88FB3C10BB4F871B5F0C /* Pods_TopMoviesTests.framework */,
				746A691426AEBF5D9744BF08 /* Pods_TopMoviesUITests.framework */,
			);
			name = Frameworks;
			sourceTree = "<group>";
		};
		8AF5B153A4F5B44044FF27F9 /* Pods */ = {
			isa = PBXGroup;
			children = (
				A2452FA3EE486076D052B6BD /* Pods-TopMovies.debug.xcconfig */,
				2964E3823FB0C86E158754BC /* Pods-TopMovies.release.xcconfig */,
				48DDD270199EDF429F5986E7 /* Pods-TopMoviesTests.debug.xcconfig */,
				917E151A37B3532FB20F6E07 /* Pods-TopMoviesTests.release.xcconfig */,
				35AAD893B6ECD3FE6C00656A /* Pods-TopMoviesUITests.debug.xcconfig */,
				121176F4ECA4C2E66531B92F /* Pods-TopMoviesUITests.release.xcconfig */,
			);
			path = Pods;
			sourceTree = "<group>";
		};
		ACAF5EBB2223068D00644CB6 = {
			isa = PBXGroup;
			children = (
				ACAF5EC62223068D00644CB6 /* TopMovies */,
				ACAF5EDE2223068F00644CB6 /* TopMoviesTests */,
				ACAF5EE92223069000644CB6 /* TopMoviesUITests */,
				ACAF5EC52223068D00644CB6 /* Products */,
				8AF5B153A4F5B44044FF27F9 /* Pods */,
				74CE5AA98277B45FEE400BFE /* Frameworks */,
			);
			sourceTree = "<group>";
		};
		ACAF5EC52223068D00644CB6 /* Products */ = {
			isa = PBXGroup;
			children = (
				ACAF5EC42223068D00644CB6 /* TopMovies.app */,
				ACAF5EDB2223068F00644CB6 /* TopMoviesTests.xctest */,
				ACAF5EE62223069000644CB6 /* TopMoviesUITests.xctest */,
			);
			name = Products;
			sourceTree = "<group>";
		};
		ACAF5EC62223068D00644CB6 /* TopMovies */ = {
			isa = PBXGroup;
			children = (
				ACAF5EF92223076400644CB6 /* Modules */,
				ACAF5EF8222306FC00644CB6 /* Resources */,
				ACAF5ED62223068F00644CB6 /* Info.plist */,
			);
			path = TopMovies;
			sourceTree = "<group>";
		};
		ACAF5EDE2223068F00644CB6 /* TopMoviesTests */ = {
			isa = PBXGroup;
			children = (
				ACAF5F372223082800644CB6 /* DetailViewModelTest.swift */,
				ACAF5F382223082800644CB6 /* ListMovieViewModelTests.swift */,
				ACAF5F392223082800644CB6 /* ServiceMock.swift */,
				ACAF5EE12223069000644CB6 /* Info.plist */,
			);
			path = TopMoviesTests;
			sourceTree = "<group>";
		};
		ACAF5EE92223069000644CB6 /* TopMoviesUITests */ = {
			isa = PBXGroup;
			children = (
				ACAF5EEA2223069000644CB6 /* TopMoviesUITests.swift */,
				ACAF5EEC2223069000644CB6 /* Info.plist */,
			);
			path = TopMoviesUITests;
			sourceTree = "<group>";
		};
		ACAF5EF8222306FC00644CB6 /* Resources */ = {
			isa = PBXGroup;
			children = (
				ACAF5ED12223068F00644CB6 /* Assets.xcassets */,
				ACAF5ED32223068F00644CB6 /* LaunchScreen.storyboard */,
				ACAF5ECE2223068D00644CB6 /* TopMovies.xcdatamodeld */,
				ACAF5EC72223068D00644CB6 /* AppDelegate.swift */,
			);
			path = Resources;
			sourceTree = "<group>";
		};
		ACAF5EF92223076400644CB6 /* Modules */ = {
			isa = PBXGroup;
			children = (
				ACAF5EFA2223076400644CB6 /* Common */,
				ACAF5F0C2223076400644CB6 /* List */,
				ACAF5F172223076400644CB6 /* DetailMovie */,
			);
			path = Modules;
			sourceTree = "<group>";
		};
		ACAF5EFA2223076400644CB6 /* Common */ = {
			isa = PBXGroup;
			children = (
				ACAF5EFB2223076400644CB6 /* Util */,
				ACAF5EFE2223076400644CB6 /* Storyboard */,
				ACAF5F012223076400644CB6 /* Extensions */,
				ACAF5F042223076400644CB6 /* Model */,
				ACAF5F082223076400644CB6 /* API */,
			);
			path = Common;
			sourceTree = "<group>";
		};
		ACAF5EFB2223076400644CB6 /* Util */ = {
			isa = PBXGroup;
			children = (
				ACAF5EFC2223076400644CB6 /* Constants.swift */,
				ACAF5EFD2223076400644CB6 /* Reachability.swift */,
			);
			path = Util;
			sourceTree = "<group>";
		};
		ACAF5EFE2223076400644CB6 /* Storyboard */ = {
			isa = PBXGroup;
			children = (
				ACAF5EFF2223076400644CB6 /* Main.storyboard */,
			);
			path = Storyboard;
			sourceTree = "<group>";
		};
		ACAF5F012223076400644CB6 /* Extensions */ = {
			isa = PBXGroup;
			children = (
				ACAF5F022223076400644CB6 /* Alert.swift */,
				ACAF5F032223076400644CB6 /* CornerRadius.swift.swift */,
			);
			path = Extensions;
			sourceTree = "<group>";
		};
		ACAF5F042223076400644CB6 /* Model */ = {
			isa = PBXGroup;
			children = (
				ACAF5F052223076400644CB6 /* MovieDetail.swift */,
				ACAF5F062223076400644CB6 /* MovieCoreData.swift */,
				ACAF5F072223076400644CB6 /* Movies.swift */,
			);
			path = Model;
			sourceTree = "<group>";
		};
		ACAF5F082223076400644CB6 /* API */ = {
			isa = PBXGroup;
			children = (
				ACAF5F092223076400644CB6 /* CoreDataManager.swift */,
				ACAF5F0A2223076400644CB6 /* Response.swift */,
				ACAF5F0B2223076400644CB6 /* API.swift */,
			);
			path = API;
			sourceTree = "<group>";
		};
		ACAF5F0C2223076400644CB6 /* List */ = {
			isa = PBXGroup;
			children = (
				ACAF5F0D2223076400644CB6 /* ViewModel */,
				ACAF5F102223076400644CB6 /* Cells */,
				ACAF5F132223076400644CB6 /* Controller */,
			);
			path = List;
			sourceTree = "<group>";
		};
		ACAF5F0D2223076400644CB6 /* ViewModel */ = {
			isa = PBXGroup;
			children = (
				ACAF5F0E2223076400644CB6 /* ListMovieViewOfflineModel.swift */,
				ACAF5F0F2223076400644CB6 /* ListMovieViewModel.swift */,
			);
			path = ViewModel;
			sourceTree = "<group>";
		};
		ACAF5F102223076400644CB6 /* Cells */ = {
			isa = PBXGroup;
			children = (
				ACAF5F112223076400644CB6 /* ListMovieCell.xib */,
				ACAF5F122223076400644CB6 /* ListMovieCell.swift */,
			);
			path = Cells;
			sourceTree = "<group>";
		};
		ACAF5F132223076400644CB6 /* Controller */ = {
			isa = PBXGroup;
			children = (
				ACAF5F142223076400644CB6 /* MovieOnlineDataSource.swift */,
				ACAF5F152223076400644CB6 /* ListMovieViewController.swift */,
				ACAF5F162223076400644CB6 /* MovieOfflineDataSource.swift */,
			);
			path = Controller;
			sourceTree = "<group>";
		};
		ACAF5F172223076400644CB6 /* DetailMovie */ = {
			isa = PBXGroup;
			children = (
				ACAF5F182223076400644CB6 /* ViewModel */,
				ACAF5F1A2223076400644CB6 /* Cells */,
				ACAF5F1D2223076400644CB6 /* Controller */,
			);
			path = DetailMovie;
			sourceTree = "<group>";
		};
		ACAF5F182223076400644CB6 /* ViewModel */ = {
			isa = PBXGroup;
			children = (
				ACAF5F192223076400644CB6 /* DetailViewModel.swift */,
			);
			path = ViewModel;
			sourceTree = "<group>";
		};
		ACAF5F1A2223076400644CB6 /* Cells */ = {
			isa = PBXGroup;
			children = (
				ACAF5F1B2223076400644CB6 /* DetailLogoCell.xib */,
				ACAF5F1C2223076400644CB6 /* DetailLogoCell.swift */,
			);
			path = Cells;
			sourceTree = "<group>";
		};
		ACAF5F1D2223076400644CB6 /* Controller */ = {
			isa = PBXGroup;
			children = (
				ACAF5F1E2223076400644CB6 /* DetailViewController.swift */,
				ACAF5F1F2223076400644CB6 /* DetailMovieDataSourceDelegate.swift */,
			);
			path = Controller;
			sourceTree = "<group>";
		};
/* End PBXGroup section */

/* Begin PBXNativeTarget section */
		ACAF5EC32223068D00644CB6 /* TopMovies */ = {
			isa = PBXNativeTarget;
			buildConfigurationList = ACAF5EEF2223069000644CB6 /* Build configuration list for PBXNativeTarget "TopMovies" */;
			buildPhases = (
				3E3D53AD773438159E410E4A /* [CP] Check Pods Manifest.lock */,
				ACAF5EC02223068D00644CB6 /* Sources */,
				ACAF5EC12223068D00644CB6 /* Frameworks */,
				ACAF5EC22223068D00644CB6 /* Resources */,
				FC395343C46A4EE1EF54DBA7 /* [CP] Embed Pods Frameworks */,
			);
			buildRules = (
			);
			dependencies = (
			);
			name = TopMovies;
			productName = TopMovies;
			productReference = ACAF5EC42223068D00644CB6 /* TopMovies.app */;
			productType = "com.apple.product-type.application";
		};
		ACAF5EDA2223068F00644CB6 /* TopMoviesTests */ = {
			isa = PBXNativeTarget;
			buildConfigurationList = ACAF5EF22223069000644CB6 /* Build configuration list for PBXNativeTarget "TopMoviesTests" */;
			buildPhases = (
				CE66217C6A640B4DAD00898B /* [CP] Check Pods Manifest.lock */,
				ACAF5ED72223068F00644CB6 /* Sources */,
				ACAF5ED82223068F00644CB6 /* Frameworks */,
				ACAF5ED92223068F00644CB6 /* Resources */,
			);
			buildRules = (
			);
			dependencies = (
				ACAF5EDD2223068F00644CB6 /* PBXTargetDependency */,
			);
			name = TopMoviesTests;
			productName = TopMoviesTests;
			productReference = ACAF5EDB2223068F00644CB6 /* TopMoviesTests.xctest */;
			productType = "com.apple.product-type.bundle.unit-test";
		};
		ACAF5EE52223069000644CB6 /* TopMoviesUITests */ = {
			isa = PBXNativeTarget;
			buildConfigurationList = ACAF5EF52223069000644CB6 /* Build configuration list for PBXNativeTarget "TopMoviesUITests" */;
			buildPhases = (
				196527CC3290C2206CF8D279 /* [CP] Check Pods Manifest.lock */,
				ACAF5EE22223069000644CB6 /* Sources */,
				ACAF5EE32223069000644CB6 /* Frameworks */,
				ACAF5EE42223069000644CB6 /* Resources */,
			);
			buildRules = (
			);
			dependencies = (
				ACAF5EE82223069000644CB6 /* PBXTargetDependency */,
			);
			name = TopMoviesUITests;
			productName = TopMoviesUITests;
			productReference = ACAF5EE62223069000644CB6 /* TopMoviesUITests.xctest */;
			productType = "com.apple.product-type.bundle.ui-testing";
		};
/* End PBXNativeTarget section */

/* Begin PBXProject section */
		ACAF5EBC2223068D00644CB6 /* Project object */ = {
			isa = PBXProject;
			attributes = {
				LastSwiftUpdateCheck = 1010;
				LastUpgradeCheck = 1010;
				ORGANIZATIONNAME = "Diego Ramos de Almeida";
				TargetAttributes = {
					ACAF5EC32223068D00644CB6 = {
						CreatedOnToolsVersion = 10.1;
					};
					ACAF5EDA2223068F00644CB6 = {
						CreatedOnToolsVersion = 10.1;
						TestTargetID = ACAF5EC32223068D00644CB6;
					};
					ACAF5EE52223069000644CB6 = {
						CreatedOnToolsVersion = 10.1;
						TestTargetID = ACAF5EC32223068D00644CB6;
					};
				};
			};
			buildConfigurationList = ACAF5EBF2223068D00644CB6 /* Build configuration list for PBXProject "TopMovies" */;
			compatibilityVersion = "Xcode 9.3";
			developmentRegion = en;
			hasScannedForEncodings = 0;
			knownRegions = (
				en,
				Base,
			);
			mainGroup = ACAF5EBB2223068D00644CB6;
			productRefGroup = ACAF5EC52223068D00644CB6 /* Products */;
			projectDirPath = "";
			projectRoot = "";
			targets = (
				ACAF5EC32223068D00644CB6 /* TopMovies */,
				ACAF5EDA2223068F00644CB6 /* TopMoviesTests */,
				ACAF5EE52223069000644CB6 /* TopMoviesUITests */,
			);
		};
/* End PBXProject section */

/* Begin PBXResourcesBuildPhase section */
		ACAF5EC22223068D00644CB6 /* Resources */ = {
			isa = PBXResourcesBuildPhase;
			buildActionMask = 2147483647;
			files = (
				ACAF5F222223076400644CB6 /* Main.storyboard in Resources */,
				ACAF5ED52223068F00644CB6 /* LaunchScreen.storyboard in Resources */,
				ACAF5F2D2223076400644CB6 /* ListMovieCell.xib in Resources */,
				ACAF5ED22223068F00644CB6 /* Assets.xcassets in Resources */,
				ACAF5F332223076400644CB6 /* DetailLogoCell.xib in Resources */,
			);
			runOnlyForDeploymentPostprocessing = 0;
		};
		ACAF5ED92223068F00644CB6 /* Resources */ = {
			isa = PBXResourcesBuildPhase;
			buildActionMask = 2147483647;
			files = (
			);
			runOnlyForDeploymentPostprocessing = 0;
		};
		ACAF5EE42223069000644CB6 /* Resources */ = {
			isa = PBXResourcesBuildPhase;
			buildActionMask = 2147483647;
			files = (
			);
			runOnlyForDeploymentPostprocessing = 0;
		};
/* End PBXResourcesBuildPhase section */

/* Begin PBXShellScriptBuildPhase section */
		196527CC3290C2206CF8D279 /* [CP] Check Pods Manifest.lock */ = {
			isa = PBXShellScriptBuildPhase;
			buildActionMask = 2147483647;
			files = (
			);
			inputFileListPaths = (
			);
			inputPaths = (
				"${PODS_PODFILE_DIR_PATH}/Podfile.lock",
				"${PODS_ROOT}/Manifest.lock",
			);
			name = "[CP] Check Pods Manifest.lock";
			outputFileListPaths = (
			);
			outputPaths = (
				"$(DERIVED_FILE_DIR)/Pods-TopMoviesUITests-checkManifestLockResult.txt",
			);
			runOnlyForDeploymentPostprocessing = 0;
			shellPath = /bin/sh;
			shellScript = "diff \"${PODS_PODFILE_DIR_PATH}/Podfile.lock\" \"${PODS_ROOT}/Manifest.lock\" > /dev/null\nif [ $? != 0 ] ; then\n    # print error to STDERR\n    echo \"error: The sandbox is not in sync with the Podfile.lock. Run 'pod install' or update your CocoaPods installation.\" >&2\n    exit 1\nfi\n# This output is used by Xcode 'outputs' to avoid re-running this script phase.\necho \"SUCCESS\" > \"${SCRIPT_OUTPUT_FILE_0}\"\n";
			showEnvVarsInLog = 0;
		};
		3E3D53AD773438159E410E4A /* [CP] Check Pods Manifest.lock */ = {
			isa = PBXShellScriptBuildPhase;
			buildActionMask = 2147483647;
			files = (
			);
			inputFileListPaths = (
			);
			inputPaths = (
				"${PODS_PODFILE_DIR_PATH}/Podfile.lock",
				"${PODS_ROOT}/Manifest.lock",
			);
			name = "[CP] Check Pods Manifest.lock";
			outputFileListPaths = (
			);
			outputPaths = (
				"$(DERIVED_FILE_DIR)/Pods-TopMovies-checkManifestLockResult.txt",
			);
			runOnlyForDeploymentPostprocessing = 0;
			shellPath = /bin/sh;
			shellScript = "diff \"${PODS_PODFILE_DIR_PATH}/Podfile.lock\" \"${PODS_ROOT}/Manifest.lock\" > /dev/null\nif [ $? != 0 ] ; then\n    # print error to STDERR\n    echo \"error: The sandbox is not in sync with the Podfile.lock. Run 'pod install' or update your CocoaPods installation.\" >&2\n    exit 1\nfi\n# This output is used by Xcode 'outputs' to avoid re-running this script phase.\necho \"SUCCESS\" > \"${SCRIPT_OUTPUT_FILE_0}\"\n";
			showEnvVarsInLog = 0;
		};
		CE66217C6A640B4DAD00898B /* [CP] Check Pods Manifest.lock */ = {
			isa = PBXShellScriptBuildPhase;
			buildActionMask = 2147483647;
			files = (
			);
			inputFileListPaths = (
			);
			inputPaths = (
				"${PODS_PODFILE_DIR_PATH}/Podfile.lock",
				"${PODS_ROOT}/Manifest.lock",
			);
			name = "[CP] Check Pods Manifest.lock";
			outputFileListPaths = (
			);
			outputPaths = (
				"$(DERIVED_FILE_DIR)/Pods-TopMoviesTests-checkManifestLockResult.txt",
			);
			runOnlyForDeploymentPostprocessing = 0;
			shellPath = /bin/sh;
			shellScript = "diff \"${PODS_PODFILE_DIR_PATH}/Podfile.lock\" \"${PODS_ROOT}/Manifest.lock\" > /dev/null\nif [ $? != 0 ] ; then\n    # print error to STDERR\n    echo \"error: The sandbox is not in sync with the Podfile.lock. Run 'pod install' or update your CocoaPods installation.\" >&2\n    exit 1\nfi\n# This output is used by Xcode 'outputs' to avoid re-running this script phase.\necho \"SUCCESS\" > \"${SCRIPT_OUTPUT_FILE_0}\"\n";
			showEnvVarsInLog = 0;
		};
		FC395343C46A4EE1EF54DBA7 /* [CP] Embed Pods Frameworks */ = {
			isa = PBXShellScriptBuildPhase;
			buildActionMask = 2147483647;
			files = (
			);
			inputFileListPaths = (
			);
			inputPaths = (
				"${PODS_ROOT}/Target Support Files/Pods-TopMovies/Pods-TopMovies-frameworks.sh",
				"${BUILT_PRODUCTS_DIR}/Nuke/Nuke.framework",
			);
			name = "[CP] Embed Pods Frameworks";
			outputFileListPaths = (
			);
			outputPaths = (
				"${TARGET_BUILD_DIR}/${FRAMEWORKS_FOLDER_PATH}/Nuke.framework",
			);
			runOnlyForDeploymentPostprocessing = 0;
			shellPath = /bin/sh;
			shellScript = "\"${PODS_ROOT}/Target Support Files/Pods-TopMovies/Pods-TopMovies-frameworks.sh\"\n";
			showEnvVarsInLog = 0;
		};
/* End PBXShellScriptBuildPhase section */

/* Begin PBXSourcesBuildPhase section */
		ACAF5EC02223068D00644CB6 /* Sources */ = {
			isa = PBXSourcesBuildPhase;
			buildActionMask = 2147483647;
			files = (
				ACAF5ED02223068D00644CB6 /* TopMovies.xcdatamodeld in Sources */,
				ACAF5F262223076400644CB6 /* MovieCoreData.swift in Sources */,
				ACAF5F252223076400644CB6 /* MovieDetail.swift in Sources */,
				ACAF5EC82223068D00644CB6 /* AppDelegate.swift in Sources */,
				ACAF5F212223076400644CB6 /* Reachability.swift in Sources */,
				ACAF5F272223076400644CB6 /* Movies.swift in Sources */,
				ACAF5F352223076400644CB6 /* DetailViewController.swift in Sources */,
				ACAF5F2F2223076400644CB6 /* MovieOnlineDataSource.swift in Sources */,
				ACAF5F322223076400644CB6 /* DetailViewModel.swift in Sources */,
				ACAF5F232223076400644CB6 /* Alert.swift in Sources */,
				ACAF5F292223076400644CB6 /* Response.swift in Sources */,
				ACAF5F312223076400644CB6 /* MovieOfflineDataSource.swift in Sources */,
				ACAF5F202223076400644CB6 /* Constants.swift in Sources */,
				ACAF5F2C2223076400644CB6 /* ListMovieViewModel.swift in Sources */,
				ACAF5F282223076400644CB6 /* CoreDataManager.swift in Sources */,
				ACAF5F2E2223076400644CB6 /* ListMovieCell.swift in Sources */,
				ACAF5F342223076400644CB6 /* DetailLogoCell.swift in Sources */,
				ACAF5F302223076400644CB6 /* ListMovieViewController.swift in Sources */,
				ACAF5F2A2223076400644CB6 /* API.swift in Sources */,
				ACAF5F242223076400644CB6 /* CornerRadius.swift.swift in Sources */,
				ACAF5F2B2223076400644CB6 /* ListMovieViewOfflineModel.swift in Sources */,
				ACAF5F362223076400644CB6 /* DetailMovieDataSourceDelegate.swift in Sources */,
			);
			runOnlyForDeploymentPostprocessing = 0;
		};
		ACAF5ED72223068F00644CB6 /* Sources */ = {
			isa = PBXSourcesBuildPhase;
			buildActionMask = 2147483647;
			files = (
				ACAF5F3B2223082800644CB6 /* ListMovieViewModelTests.swift in Sources */,
				ACAF5F3A2223082800644CB6 /* DetailViewModelTest.swift in Sources */,
				ACAF5F3C2223082900644CB6 /* ServiceMock.swift in Sources */,
			);
			runOnlyForDeploymentPostprocessing = 0;
		};
		ACAF5EE22223069000644CB6 /* Sources */ = {
			isa = PBXSourcesBuildPhase;
			buildActionMask = 2147483647;
			files = (
				ACAF5EEB2223069000644CB6 /* TopMoviesUITests.swift in Sources */,
			);
			runOnlyForDeploymentPostprocessing = 0;
		};
/* End PBXSourcesBuildPhase section */

/* Begin PBXTargetDependency section */
		ACAF5EDD2223068F00644CB6 /* PBXTargetDependency */ = {
			isa = PBXTargetDependency;
			target = ACAF5EC32223068D00644CB6 /* TopMovies */;
			targetProxy = ACAF5EDC2223068F00644CB6 /* PBXContainerItemProxy */;
		};
		ACAF5EE82223069000644CB6 /* PBXTargetDependency */ = {
			isa = PBXTargetDependency;
			target = ACAF5EC32223068D00644CB6 /* TopMovies */;
			targetProxy = ACAF5EE72223069000644CB6 /* PBXContainerItemProxy */;
		};
/* End PBXTargetDependency section */

/* Begin PBXVariantGroup section */
		ACAF5ED32223068F00644CB6 /* LaunchScreen.storyboard */ = {
			isa = PBXVariantGroup;
			children = (
				ACAF5ED42223068F00644CB6 /* Base */,
			);
			name = LaunchScreen.storyboard;
			sourceTree = "<group>";
		};
		ACAF5EFF2223076400644CB6 /* Main.storyboard */ = {
			isa = PBXVariantGroup;
			children = (
				ACAF5F002223076400644CB6 /* Base */,
			);
			name = Main.storyboard;
			sourceTree = "<group>";
		};
/* End PBXVariantGroup section */

/* Begin XCBuildConfiguration section */
		ACAF5EED2223069000644CB6 /* Debug */ = {
			isa = XCBuildConfiguration;
			buildSettings = {
				ALWAYS_SEARCH_USER_PATHS = NO;
				CLANG_ANALYZER_NONNULL = YES;
				CLANG_ANALYZER_NUMBER_OBJECT_CONVERSION = YES_AGGRESSIVE;
				CLANG_CXX_LANGUAGE_STANDARD = "gnu++14";
				CLANG_CXX_LIBRARY = "libc++";
				CLANG_ENABLE_MODULES = YES;
				CLANG_ENABLE_OBJC_ARC = YES;
				CLANG_ENABLE_OBJC_WEAK = YES;
				CLANG_WARN_BLOCK_CAPTURE_AUTORELEASING = YES;
				CLANG_WARN_BOOL_CONVERSION = YES;
				CLANG_WARN_COMMA = YES;
				CLANG_WARN_CONSTANT_CONVERSION = YES;
				CLANG_WARN_DEPRECATED_OBJC_IMPLEMENTATIONS = YES;
				CLANG_WARN_DIRECT_OBJC_ISA_USAGE = YES_ERROR;
				CLANG_WARN_DOCUMENTATION_COMMENTS = YES;
				CLANG_WARN_EMPTY_BODY = YES;
				CLANG_WARN_ENUM_CONVERSION = YES;
				CLANG_WARN_INFINITE_RECURSION = YES;
				CLANG_WARN_INT_CONVERSION = YES;
				CLANG_WARN_NON_LITERAL_NULL_CONVERSION = YES;
				CLANG_WARN_OBJC_IMPLICIT_RETAIN_SELF = YES;
				CLANG_WARN_OBJC_LITERAL_CONVERSION = YES;
				CLANG_WARN_OBJC_ROOT_CLASS = YES_ERROR;
				CLANG_WARN_RANGE_LOOP_ANALYSIS = YES;
				CLANG_WARN_STRICT_PROTOTYPES = YES;
				CLANG_WARN_SUSPICIOUS_MOVE = YES;
				CLANG_WARN_UNGUARDED_AVAILABILITY = YES_AGGRESSIVE;
				CLANG_WARN_UNREACHABLE_CODE = YES;
				CLANG_WARN__DUPLICATE_METHOD_MATCH = YES;
				CODE_SIGN_IDENTITY = "iPhone Developer";
				COPY_PHASE_STRIP = NO;
				DEBUG_INFORMATION_FORMAT = dwarf;
				ENABLE_STRICT_OBJC_MSGSEND = YES;
				ENABLE_TESTABILITY = YES;
				GCC_C_LANGUAGE_STANDARD = gnu11;
				GCC_DYNAMIC_NO_PIC = NO;
				GCC_NO_COMMON_BLOCKS = YES;
				GCC_OPTIMIZATION_LEVEL = 0;
				GCC_PREPROCESSOR_DEFINITIONS = (
					"DEBUG=1",
					"$(inherited)",
				);
				GCC_WARN_64_TO_32_BIT_CONVERSION = YES;
				GCC_WARN_ABOUT_RETURN_TYPE = YES_ERROR;
				GCC_WARN_UNDECLARED_SELECTOR = YES;
				GCC_WARN_UNINITIALIZED_AUTOS = YES_AGGRESSIVE;
				GCC_WARN_UNUSED_FUNCTION = YES;
				GCC_WARN_UNUSED_VARIABLE = YES;
				IPHONEOS_DEPLOYMENT_TARGET = 12.1;
				MTL_ENABLE_DEBUG_INFO = YES;
				MTL_FAST_MATH = YES;
				ONLY_ACTIVE_ARCH = YES;
				SDKROOT = iphoneos;
				SWIFT_ACTIVE_COMPILATION_CONDITIONS = DEBUG;
				SWIFT_OPTIMIZATION_LEVEL = "-Onone";
			};
			name = Debug;
		};
		ACAF5EEE2223069000644CB6 /* Release */ = {
			isa = XCBuildConfiguration;
			buildSettings = {
				ALWAYS_SEARCH_USER_PATHS = NO;
				CLANG_ANALYZER_NONNULL = YES;
				CLANG_ANALYZER_NUMBER_OBJECT_CONVERSION = YES_AGGRESSIVE;
				CLANG_CXX_LANGUAGE_STANDARD = "gnu++14";
				CLANG_CXX_LIBRARY = "libc++";
				CLANG_ENABLE_MODULES = YES;
				CLANG_ENABLE_OBJC_ARC = YES;
				CLANG_ENABLE_OBJC_WEAK = YES;
				CLANG_WARN_BLOCK_CAPTURE_AUTORELEASING = YES;
				CLANG_WARN_BOOL_CONVERSION = YES;
				CLANG_WARN_COMMA = YES;
				CLANG_WARN_CONSTANT_CONVERSION = YES;
				CLANG_WARN_DEPRECATED_OBJC_IMPLEMENTATIONS = YES;
				CLANG_WARN_DIRECT_OBJC_ISA_USAGE = YES_ERROR;
				CLANG_WARN_DOCUMENTATION_COMMENTS = YES;
				CLANG_WARN_EMPTY_BODY = YES;
				CLANG_WARN_ENUM_CONVERSION = YES;
				CLANG_WARN_INFINITE_RECURSION = YES;
				CLANG_WARN_INT_CONVERSION = YES;
				CLANG_WARN_NON_LITERAL_NULL_CONVERSION = YES;
				CLANG_WARN_OBJC_IMPLICIT_RETAIN_SELF = YES;
				CLANG_WARN_OBJC_LITERAL_CONVERSION = YES;
				CLANG_WARN_OBJC_ROOT_CLASS = YES_ERROR;
				CLANG_WARN_RANGE_LOOP_ANALYSIS = YES;
				CLANG_WARN_STRICT_PROTOTYPES = YES;
				CLANG_WARN_SUSPICIOUS_MOVE = YES;
				CLANG_WARN_UNGUARDED_AVAILABILITY = YES_AGGRESSIVE;
				CLANG_WARN_UNREACHABLE_CODE = YES;
				CLANG_WARN__DUPLICATE_METHOD_MATCH = YES;
				CODE_SIGN_IDENTITY = "iPhone Developer";
				COPY_PHASE_STRIP = NO;
				DEBUG_INFORMATION_FORMAT = "dwarf-with-dsym";
				ENABLE_NS_ASSERTIONS = NO;
				ENABLE_STRICT_OBJC_MSGSEND = YES;
				GCC_C_LANGUAGE_STANDARD = gnu11;
				GCC_NO_COMMON_BLOCKS = YES;
				GCC_WARN_64_TO_32_BIT_CONVERSION = YES;
				GCC_WARN_ABOUT_RETURN_TYPE = YES_ERROR;
				GCC_WARN_UNDECLARED_SELECTOR = YES;
				GCC_WARN_UNINITIALIZED_AUTOS = YES_AGGRESSIVE;
				GCC_WARN_UNUSED_FUNCTION = YES;
				GCC_WARN_UNUSED_VARIABLE = YES;
				IPHONEOS_DEPLOYMENT_TARGET = 12.1;
				MTL_ENABLE_DEBUG_INFO = NO;
				MTL_FAST_MATH = YES;
				SDKROOT = iphoneos;
				SWIFT_COMPILATION_MODE = wholemodule;
				SWIFT_OPTIMIZATION_LEVEL = "-O";
				VALIDATE_PRODUCT = YES;
			};
			name = Release;
		};
		ACAF5EF02223069000644CB6 /* Debug */ = {
			isa = XCBuildConfiguration;
			baseConfigurationReference = A2452FA3EE486076D052B6BD /* Pods-TopMovies.debug.xcconfig */;
			buildSettings = {
				ASSETCATALOG_COMPILER_APPICON_NAME = AppIcon;
				CODE_SIGN_STYLE = Automatic;
				DEVELOPMENT_TEAM = LY8GW7E7YS;
				HEADER_SEARCH_PATHS = "";
				INFOPLIST_FILE = TopMovies/Info.plist;
				LD_RUNPATH_SEARCH_PATHS = (
					"$(inherited)",
					"@executable_path/Frameworks",
				);
				MTL_ENABLE_DEBUG_INFO = YES;
				ONLY_ACTIVE_ARCH = YES;
				OTHER_CFLAGS = (
					"$(inherited)",
					"-iquote",
					"\"$PODS_CONFIGURATION_BUILD_DIR/Nuke/Nuke.framework/Headers\"",
				);
				PRODUCT_BUNDLE_IDENTIFIER = com.dra.TopMovies;
				PRODUCT_NAME = "$(TARGET_NAME)";
				SWIFT_VERSION = 4.0;
				TARGETED_DEVICE_FAMILY = "1,2";
			};
			name = Debug;
		};
		ACAF5EF12223069000644CB6 /* Release */ = {
			isa = XCBuildConfiguration;
			baseConfigurationReference = 2964E3823FB0C86E158754BC /* Pods-TopMovies.release.xcconfig */;
			buildSettings = {
				ASSETCATALOG_COMPILER_APPICON_NAME = AppIcon;
				CODE_SIGN_STYLE = Automatic;
				DEVELOPMENT_TEAM = LY8GW7E7YS;
				HEADER_SEARCH_PATHS = "";
				INFOPLIST_FILE = TopMovies/Info.plist;
				LD_RUNPATH_SEARCH_PATHS = (
					"$(inherited)",
					"@executable_path/Frameworks",
				);
				OTHER_CFLAGS = (
					"$(inherited)",
					"-iquote",
					"\"$PODS_CONFIGURATION_BUILD_DIR/Nuke/Nuke.framework/Headers\"",
				);
				PRODUCT_BUNDLE_IDENTIFIER = com.dra.TopMovies;
				PRODUCT_NAME = "$(TARGET_NAME)";
				SWIFT_VERSION = 4.0;
				TARGETED_DEVICE_FAMILY = "1,2";
			};
			name = Release;
		};
		ACAF5EF32223069000644CB6 /* Debug */ = {
			isa = XCBuildConfiguration;
			baseConfigurationReference = 48DDD270199EDF429F5986E7 /* Pods-TopMoviesTests.debug.xcconfig */;
			buildSettings = {
				ALWAYS_EMBED_SWIFT_STANDARD_LIBRARIES = YES;
				BUNDLE_LOADER = "$(TEST_HOST)";
				CLANG_ENABLE_OBJC_WEAK = NO;
				CLANG_WARN_DEPRECATED_OBJC_IMPLEMENTATIONS = NO;
				CLANG_WARN_OBJC_IMPLICIT_RETAIN_SELF = NO;
				CODE_SIGN_STYLE = Automatic;
				DEVELOPMENT_TEAM = LY8GW7E7YS;
				HEADER_SEARCH_PATHS = "";
				INFOPLIST_FILE = TopMoviesTests/Info.plist;
				LD_RUNPATH_SEARCH_PATHS = (
					"$(inherited)",
					"@executable_path/Frameworks",
					"@loader_path/Frameworks",
					"$(FRAMEWORK_SEARCH_PATHS)",
				);
				MTL_ENABLE_DEBUG_INFO = YES;
				ONLY_ACTIVE_ARCH = YES;
				OTHER_CFLAGS = (
					"$(inherited)",
					"-iquote",
					"\"$PODS_CONFIGURATION_BUILD_DIR/Nuke/Nuke.framework/Headers\"",
				);
				OTHER_LDFLAGS = "";
				PRODUCT_BUNDLE_IDENTIFIER = com.dra.TopMoviesTests;
				PRODUCT_NAME = "$(TARGET_NAME)";
				SWIFT_VERSION = 4.0;
				TARGETED_DEVICE_FAMILY = "1,2";
				TEST_HOST = "$(BUILT_PRODUCTS_DIR)/TopMovies.app/TopMovies";
			};
			name = Debug;
		};
		ACAF5EF42223069000644CB6 /* Release */ = {
			isa = XCBuildConfiguration;
			baseConfigurationReference = 917E151A37B3532FB20F6E07 /* Pods-TopMoviesTests.release.xcconfig */;
			buildSettings = {
				ALWAYS_EMBED_SWIFT_STANDARD_LIBRARIES = YES;
				BUNDLE_LOADER = "$(TEST_HOST)";
				CLANG_ENABLE_OBJC_WEAK = NO;
				CLANG_WARN_DEPRECATED_OBJC_IMPLEMENTATIONS = NO;
				CLANG_WARN_OBJC_IMPLICIT_RETAIN_SELF = NO;
				CODE_SIGN_STYLE = Automatic;
				DEVELOPMENT_TEAM = LY8GW7E7YS;
				HEADER_SEARCH_PATHS = "";
				INFOPLIST_FILE = TopMoviesTests/Info.plist;
				LD_RUNPATH_SEARCH_PATHS = (
					"$(inherited)",
					"@executable_path/Frameworks",
					"@loader_path/Frameworks",
					"$(FRAMEWORK_SEARCH_PATHS)",
				);
				OTHER_CFLAGS = (
					"$(inherited)",
					"-iquote",
					"\"$PODS_CONFIGURATION_BUILD_DIR/Nuke/Nuke.framework/Headers\"",
				);
				OTHER_LDFLAGS = "";
				PRODUCT_BUNDLE_IDENTIFIER = com.dra.TopMoviesTests;
				PRODUCT_NAME = "$(TARGET_NAME)";
				SWIFT_VERSION = 4.0;
				TARGETED_DEVICE_FAMILY = "1,2";
				TEST_HOST = "$(BUILT_PRODUCTS_DIR)/TopMovies.app/TopMovies";
			};
			name = Release;
		};
		ACAF5EF62223069000644CB6 /* Debug */ = {
			isa = XCBuildConfiguration;
			baseConfigurationReference = 35AAD893B6ECD3FE6C00656A /* Pods-TopMoviesUITests.debug.xcconfig */;
			buildSettings = {
				ALWAYS_EMBED_SWIFT_STANDARD_LIBRARIES = YES;
				CODE_SIGN_STYLE = Automatic;
				DEVELOPMENT_TEAM = LY8GW7E7YS;
				HEADER_SEARCH_PATHS = "";
				INFOPLIST_FILE = TopMoviesUITests/Info.plist;
				LD_RUNPATH_SEARCH_PATHS = (
					"$(inherited)",
					"@executable_path/Frameworks",
					"@loader_path/Frameworks",
				);
				MTL_ENABLE_DEBUG_INFO = YES;
				ONLY_ACTIVE_ARCH = YES;
				OTHER_CFLAGS = (
					"$(inherited)",
					"-iquote",
					"\"$PODS_CONFIGURATION_BUILD_DIR/Nuke/Nuke.framework/Headers\"",
				);
				OTHER_LDFLAGS = "";
				PRODUCT_BUNDLE_IDENTIFIER = com.dra.TopMoviesUITests;
				PRODUCT_NAME = "$(TARGET_NAME)";
				PROVISIONING_PROFILE = "";
				SWIFT_VERSION = 4.0;
				TARGETED_DEVICE_FAMILY = "1,2";
				TEST_TARGET_NAME = TopMovies;
			};
			name = Debug;
		};
		ACAF5EF72223069000644CB6 /* Release */ = {
			isa = XCBuildConfiguration;
			baseConfigurationReference = 121176F4ECA4C2E66531B92F /* Pods-TopMoviesUITests.release.xcconfig */;
			buildSettings = {
				ALWAYS_EMBED_SWIFT_STANDARD_LIBRARIES = YES;
				CODE_SIGN_STYLE = Automatic;
				DEVELOPMENT_TEAM = LY8GW7E7YS;
				HEADER_SEARCH_PATHS = "";
				INFOPLIST_FILE = TopMoviesUITests/Info.plist;
				LD_RUNPATH_SEARCH_PATHS = (
					"$(inherited)",
					"@executable_path/Frameworks",
					"@loader_path/Frameworks",
				);
				OTHER_CFLAGS = (
					"$(inherited)",
					"-iquote",
					"\"$PODS_CONFIGURATION_BUILD_DIR/Nuke/Nuke.framework/Headers\"",
				);
				OTHER_LDFLAGS = "";
				PRODUCT_BUNDLE_IDENTIFIER = com.dra.TopMoviesUITests;
				PRODUCT_NAME = "$(TARGET_NAME)";
				PROVISIONING_PROFILE = "";
				SWIFT_VERSION = 4.0;
				TARGETED_DEVICE_FAMILY = "1,2";
				TEST_TARGET_NAME = TopMovies;
			};
			name = Release;
		};
/* End XCBuildConfiguration section */

/* Begin XCConfigurationList section */
		ACAF5EBF2223068D00644CB6 /* Build configuration list for PBXProject "TopMovies" */ = {
			isa = XCConfigurationList;
			buildConfigurations = (
				ACAF5EED2223069000644CB6 /* Debug */,
				ACAF5EEE2223069000644CB6 /* Release */,
			);
			defaultConfigurationIsVisible = 0;
			defaultConfigurationName = Release;
		};
		ACAF5EEF2223069000644CB6 /* Build configuration list for PBXNativeTarget "TopMovies" */ = {
			isa = XCConfigurationList;
			buildConfigurations = (
				ACAF5EF02223069000644CB6 /* Debug */,
				ACAF5EF12223069000644CB6 /* Release */,
			);
			defaultConfigurationIsVisible = 0;
			defaultConfigurationName = Release;
		};
		ACAF5EF22223069000644CB6 /* Build configuration list for PBXNativeTarget "TopMoviesTests" */ = {
			isa = XCConfigurationList;
			buildConfigurations = (
				ACAF5EF32223069000644CB6 /* Debug */,
				ACAF5EF42223069000644CB6 /* Release */,
			);
			defaultConfigurationIsVisible = 0;
			defaultConfigurationName = Release;
		};
		ACAF5EF52223069000644CB6 /* Build configuration list for PBXNativeTarget "TopMoviesUITests" */ = {
			isa = XCConfigurationList;
			buildConfigurations = (
				ACAF5EF62223069000644CB6 /* Debug */,
				ACAF5EF72223069000644CB6 /* Release */,
			);
			defaultConfigurationIsVisible = 0;
			defaultConfigurationName = Release;
		};
/* End XCConfigurationList section */

/* Begin XCVersionGroup section */
		ACAF5ECE2223068D00644CB6 /* TopMovies.xcdatamodeld */ = {
			isa = XCVersionGroup;
			children = (
				ACAF5ECF2223068D00644CB6 /* TopMovies.xcdatamodel */,
			);
			currentVersion = ACAF5ECF2223068D00644CB6 /* TopMovies.xcdatamodel */;
			path = TopMovies.xcdatamodeld;
			sourceTree = "<group>";
			versionGroupType = wrapper.xcdatamodel;
		};
/* End XCVersionGroup section */
	};
	rootObject = ACAF5EBC2223068D00644CB6 /* Project object */;
}
