// !$*UTF8*$!
{
	archiveVersion = 1;
	classes = {
	};
	objectVersion = 50;
	objects = {

/* Begin PBXBuildFile section */
		ACAF5EC82223068D00644CB6 /* AppDelegate.swift in Sources */ = {isa = PBXBuildFile; fileRef = ACAF5EC72223068D00644CB6 /* AppDelegate.swift */; };
		ACAF5ECA2223068D00644CB6 /* ViewController.swift in Sources */ = {isa = PBXBuildFile; fileRef = ACAF5EC92223068D00644CB6 /* ViewController.swift */; };
		ACAF5ECD2223068D00644CB6 /* Main.storyboard in Resources */ = {isa = PBXBuildFile; fileRef = ACAF5ECB2223068D00644CB6 /* Main.storyboard */; };
		ACAF5ED02223068D00644CB6 /* TopMovies.xcdatamodeld in Sources */ = {isa = PBXBuildFile; fileRef = ACAF5ECE2223068D00644CB6 /* TopMovies.xcdatamodeld */; };
		ACAF5ED22223068F00644CB6 /* Assets.xcassets in Resources */ = {isa = PBXBuildFile; fileRef = ACAF5ED12223068F00644CB6 /* Assets.xcassets */; };
		ACAF5ED52223068F00644CB6 /* LaunchScreen.storyboard in Resources */ = {isa = PBXBuildFile; fileRef = ACAF5ED32223068F00644CB6 /* LaunchScreen.storyboard */; };
		ACAF5EE02223068F00644CB6 /* TopMoviesTests.swift in Sources */ = {isa = PBXBuildFile; fileRef = ACAF5EDF2223068F00644CB6 /* TopMoviesTests.swift */; };
		ACAF5EEB2223069000644CB6 /* TopMoviesUITests.swift in Sources */ = {isa = PBXBuildFile; fileRef = ACAF5EEA2223069000644CB6 /* TopMoviesUITests.swift */; };
/* End PBXBuildFile section */

/* Begin PBXContainerItemProxy section */
		ACAF5EDC2223068F00644CB6 /* PBXContainerItemProxy */ = {
			isa = PBXContainerItemProxy;
			containerPortal = ACAF5EBC2223068D00644CB6 /* Project object */;
			proxyType = 1;
			remoteGlobalIDString = ACAF5EC32223068D00644CB6;
			remoteInfo = TopMovies;
		};
		ACAF5EE72223069000644CB6 /* PBXContainerItemProxy */ = {
			isa = PBXContainerItemProxy;
			containerPortal = ACAF5EBC2223068D00644CB6 /* Project object */;
			proxyType = 1;
			remoteGlobalIDString = ACAF5EC32223068D00644CB6;
			remoteInfo = TopMovies;
		};
/* End PBXContainerItemProxy section */

/* Begin PBXFileReference section */
		ACAF5EC42223068D00644CB6 /* TopMovies.app */ = {isa = PBXFileReference; explicitFileType = wrapper.application; includeInIndex = 0; path = TopMovies.app; sourceTree = BUILT_PRODUCTS_DIR; };
		ACAF5EC72223068D00644CB6 /* AppDelegate.swift */ = {isa = PBXFileReference; lastKnownFileType = sourcecode.swift; path = AppDelegate.swift; sourceTree = "<group>"; };
		ACAF5EC92223068D00644CB6 /* ViewController.swift */ = {isa = PBXFileReference; lastKnownFileType = sourcecode.swift; path = ViewController.swift; sourceTree = "<group>"; };
		ACAF5ECC2223068D00644CB6 /* Base */ = {isa = PBXFileReference; lastKnownFileType = file.storyboard; name = Base; path = Base.lproj/Main.storyboard; sourceTree = "<group>"; };
		ACAF5ECF2223068D00644CB6 /* TopMovies.xcdatamodel */ = {isa = PBXFileReference; lastKnownFileType = wrapper.xcdatamodel; path = TopMovies.xcdatamodel; sourceTree = "<group>"; };
		ACAF5ED12223068F00644CB6 /* Assets.xcassets */ = {isa = PBXFileReference; lastKnownFileType = folder.assetcatalog; path = Assets.xcassets; sourceTree = "<group>"; };
		ACAF5ED42223068F00644CB6 /* Base */ = {isa = PBXFileReference; lastKnownFileType = file.storyboard; name = Base; path = Base.lproj/LaunchScreen.storyboard; sourceTree = "<group>"; };
		ACAF5ED62223068F00644CB6 /* Info.plist */ = {isa = PBXFileReference; lastKnownFileType = text.plist.xml; path = Info.plist; sourceTree = "<group>"; };
		ACAF5EDB2223068F00644CB6 /* TopMoviesTests.xctest */ = {isa = PBXFileReference; explicitFileType = wrapper.cfbundle; includeInIndex = 0; path = TopMoviesTests.xctest; sourceTree = BUILT_PRODUCTS_DIR; };
		ACAF5EDF2223068F00644CB6 /* TopMoviesTests.swift */ = {isa = PBXFileReference; lastKnownFileType = sourcecode.swift; path = TopMoviesTests.swift; sourceTree = "<group>"; };
		ACAF5EE12223069000644CB6 /* Info.plist */ = {isa = PBXFileReference; lastKnownFileType = text.plist.xml; path = Info.plist; sourceTree = "<group>"; };
		ACAF5EE62223069000644CB6 /* TopMoviesUITests.xctest */ = {isa = PBXFileReference; explicitFileType = wrapper.cfbundle; includeInIndex = 0; path = TopMoviesUITests.xctest; sourceTree = BUILT_PRODUCTS_DIR; };
		ACAF5EEA2223069000644CB6 /* TopMoviesUITests.swift */ = {isa = PBXFileReference; lastKnownFileType = sourcecode.swift; path = TopMoviesUITests.swift; sourceTree = "<group>"; };
		ACAF5EEC2223069000644CB6 /* Info.plist */ = {isa = PBXFileReference; lastKnownFileType = text.plist.xml; path = Info.plist; sourceTree = "<group>"; };
/* End PBXFileReference section */

/* Begin PBXFrameworksBuildPhase section */
		ACAF5EC12223068D00644CB6 /* Frameworks */ = {
			isa = PBXFrameworksBuildPhase;
			buildActionMask = 2147483647;
			files = (
			);
			runOnlyForDeploymentPostprocessing = 0;
		};
		ACAF5ED82223068F00644CB6 /* Frameworks */ = {
			isa = PBXFrameworksBuildPhase;
			buildActionMask = 2147483647;
			files = (
			);
			runOnlyForDeploymentPostprocessing = 0;
		};
		ACAF5EE32223069000644CB6 /* Frameworks */ = {
			isa = PBXFrameworksBuildPhase;
			buildActionMask = 2147483647;
			files = (
			);
			runOnlyForDeploymentPostprocessing = 0;
		};
/* End PBXFrameworksBuildPhase section */

/* Begin PBXGroup section */
		ACAF5EBB2223068D00644CB6 = {
			isa = PBXGroup;
			children = (
				ACAF5EC62223068D00644CB6 /* TopMovies */,
				ACAF5EDE2223068F00644CB6 /* TopMoviesTests */,
				ACAF5EE92223069000644CB6 /* TopMoviesUITests */,
				ACAF5EC52223068D00644CB6 /* Products */,
			);
			sourceTree = "<group>";
		};
		ACAF5EC52223068D00644CB6 /* Products */ = {
			isa = PBXGroup;
			children = (
				ACAF5EC42223068D00644CB6 /* TopMovies.app */,
				ACAF5EDB2223068F00644CB6 /* TopMoviesTests.xctest */,
				ACAF5EE62223069000644CB6 /* TopMoviesUITests.xctest */,
			);
			name = Products;
			sourceTree = "<group>";
		};
		ACAF5EC62223068D00644CB6 /* TopMovies */ = {
			isa = PBXGroup;
			children = (
				ACAF5EC72223068D00644CB6 /* AppDelegate.swift */,
				ACAF5EC92223068D00644CB6 /* ViewController.swift */,
				ACAF5ECB2223068D00644CB6 /* Main.storyboard */,
				ACAF5ED12223068F00644CB6 /* Assets.xcassets */,
				ACAF5ED32223068F00644CB6 /* LaunchScreen.storyboard */,
				ACAF5ED62223068F00644CB6 /* Info.plist */,
				ACAF5ECE2223068D00644CB6 /* TopMovies.xcdatamodeld */,
			);
			path = TopMovies;
			sourceTree = "<group>";
		};
		ACAF5EDE2223068F00644CB6 /* TopMoviesTests */ = {
			isa = PBXGroup;
			children = (
				ACAF5EDF2223068F00644CB6 /* TopMoviesTests.swift */,
				ACAF5EE12223069000644CB6 /* Info.plist */,
			);
			path = TopMoviesTests;
			sourceTree = "<group>";
		};
		ACAF5EE92223069000644CB6 /* TopMoviesUITests */ = {
			isa = PBXGroup;
			children = (
				ACAF5EEA2223069000644CB6 /* TopMoviesUITests.swift */,
				ACAF5EEC2223069000644CB6 /* Info.plist */,
			);
			path = TopMoviesUITests;
			sourceTree = "<group>";
		};
/* End PBXGroup section */

/* Begin PBXNativeTarget section */
		ACAF5EC32223068D00644CB6 /* TopMovies */ = {
			isa = PBXNativeTarget;
			buildConfigurationList = ACAF5EEF2223069000644CB6 /* Build configuration list for PBXNativeTarget "TopMovies" */;
			buildPhases = (
				ACAF5EC02223068D00644CB6 /* Sources */,
				ACAF5EC12223068D00644CB6 /* Frameworks */,
				ACAF5EC22223068D00644CB6 /* Resources */,
			);
			buildRules = (
			);
			dependencies = (
			);
			name = TopMovies;
			productName = TopMovies;
			productReference = ACAF5EC42223068D00644CB6 /* TopMovies.app */;
			productType = "com.apple.product-type.application";
		};
		ACAF5EDA2223068F00644CB6 /* TopMoviesTests */ = {
			isa = PBXNativeTarget;
			buildConfigurationList = ACAF5EF22223069000644CB6 /* Build configuration list for PBXNativeTarget "TopMoviesTests" */;
			buildPhases = (
				ACAF5ED72223068F00644CB6 /* Sources */,
				ACAF5ED82223068F00644CB6 /* Frameworks */,
				ACAF5ED92223068F00644CB6 /* Resources */,
			);
			buildRules = (
			);
			dependencies = (
				ACAF5EDD2223068F00644CB6 /* PBXTargetDependency */,
			);
			name = TopMoviesTests;
			productName = TopMoviesTests;
			productReference = ACAF5EDB2223068F00644CB6 /* TopMoviesTests.xctest */;
			productType = "com.apple.product-type.bundle.unit-test";
		};
		ACAF5EE52223069000644CB6 /* TopMoviesUITests */ = {
			isa = PBXNativeTarget;
			buildConfigurationList = ACAF5EF52223069000644CB6 /* Build configuration list for PBXNativeTarget "TopMoviesUITests" */;
			buildPhases = (
				ACAF5EE22223069000644CB6 /* Sources */,
				ACAF5EE32223069000644CB6 /* Frameworks */,
				ACAF5EE42223069000644CB6 /* Resources */,
			);
			buildRules = (
			);
			dependencies = (
				ACAF5EE82223069000644CB6 /* PBXTargetDependency */,
			);
			name = TopMoviesUITests;
			productName = TopMoviesUITests;
			productReference = ACAF5EE62223069000644CB6 /* TopMoviesUITests.xctest */;
			productType = "com.apple.product-type.bundle.ui-testing";
		};
/* End PBXNativeTarget section */

/* Begin PBXProject section */
		ACAF5EBC2223068D00644CB6 /* Project object */ = {
			isa = PBXProject;
			attributes = {
				LastSwiftUpdateCheck = 1010;
				LastUpgradeCheck = 1010;
				ORGANIZATIONNAME = "Diego Ramos de Almeida";
				TargetAttributes = {
					ACAF5EC32223068D00644CB6 = {
						CreatedOnToolsVersion = 10.1;
					};
					ACAF5EDA2223068F00644CB6 = {
						CreatedOnToolsVersion = 10.1;
						TestTargetID = ACAF5EC32223068D00644CB6;
					};
					ACAF5EE52223069000644CB6 = {
						CreatedOnToolsVersion = 10.1;
						TestTargetID = ACAF5EC32223068D00644CB6;
					};
				};
			};
			buildConfigurationList = ACAF5EBF2223068D00644CB6 /* Build configuration list for PBXProject "TopMovies" */;
			compatibilityVersion = "Xcode 9.3";
			developmentRegion = en;
			hasScannedForEncodings = 0;
			knownRegions = (
				en,
				Base,
			);
			mainGroup = ACAF5EBB2223068D00644CB6;
			productRefGroup = ACAF5EC52223068D00644CB6 /* Products */;
			projectDirPath = "";
			projectRoot = "";
			targets = (
				ACAF5EC32223068D00644CB6 /* TopMovies */,
				ACAF5EDA2223068F00644CB6 /* TopMoviesTests */,
				ACAF5EE52223069000644CB6 /* TopMoviesUITests */,
			);
		};
/* End PBXProject section */

/* Begin PBXResourcesBuildPhase section */
		ACAF5EC22223068D00644CB6 /* Resources */ = {
			isa = PBXResourcesBuildPhase;
			buildActionMask = 2147483647;
			files = (
				ACAF5ED52223068F00644CB6 /* LaunchScreen.storyboard in Resources */,
				ACAF5ED22223068F00644CB6 /* Assets.xcassets in Resources */,
				ACAF5ECD2223068D00644CB6 /* Main.storyboard in Resources */,
			);
			runOnlyForDeploymentPostprocessing = 0;
		};
		ACAF5ED92223068F00644CB6 /* Resources */ = {
			isa = PBXResourcesBuildPhase;
			buildActionMask = 2147483647;
			files = (
			);
			runOnlyForDeploymentPostprocessing = 0;
		};
		ACAF5EE42223069000644CB6 /* Resources */ = {
			isa = PBXResourcesBuildPhase;
			buildActionMask = 2147483647;
			files = (
			);
			runOnlyForDeploymentPostprocessing = 0;
		};
/* End PBXResourcesBuildPhase section */

/* Begin PBXSourcesBuildPhase section */
		ACAF5EC02223068D00644CB6 /* Sources */ = {
			isa = PBXSourcesBuildPhase;
			buildActionMask = 2147483647;
			files = (
				ACAF5ECA2223068D00644CB6 /* ViewController.swift in Sources */,
				ACAF5ED02223068D00644CB6 /* TopMovies.xcdatamodeld in Sources */,
				ACAF5EC82223068D00644CB6 /* AppDelegate.swift in Sources */,
			);
			runOnlyForDeploymentPostprocessing = 0;
		};
		ACAF5ED72223068F00644CB6 /* Sources */ = {
			isa = PBXSourcesBuildPhase;
			buildActionMask = 2147483647;
			files = (
				ACAF5EE02223068F00644CB6 /* TopMoviesTests.swift in Sources */,
			);
			runOnlyForDeploymentPostprocessing = 0;
		};
		ACAF5EE22223069000644CB6 /* Sources */ = {
			isa = PBXSourcesBuildPhase;
			buildActionMask = 2147483647;
			files = (
				ACAF5EEB2223069000644CB6 /* TopMoviesUITests.swift in Sources */,
			);
			runOnlyForDeploymentPostprocessing = 0;
		};
/* End PBXSourcesBuildPhase section */

/* Begin PBXTargetDependency section */
		ACAF5EDD2223068F00644CB6 /* PBXTargetDependency */ = {
			isa = PBXTargetDependency;
			target = ACAF5EC32223068D00644CB6 /* TopMovies */;
			targetProxy = ACAF5EDC2223068F00644CB6 /* PBXContainerItemProxy */;
		};
		ACAF5EE82223069000644CB6 /* PBXTargetDependency */ = {
			isa = PBXTargetDependency;
			target = ACAF5EC32223068D00644CB6 /* TopMovies */;
			targetProxy = ACAF5EE72223069000644CB6 /* PBXContainerItemProxy */;
		};
/* End PBXTargetDependency section */

/* Begin PBXVariantGroup section */
		ACAF5ECB2223068D00644CB6 /* Main.storyboard */ = {
			isa = PBXVariantGroup;
			children = (
				ACAF5ECC2223068D00644CB6 /* Base */,
			);
			name = Main.storyboard;
			sourceTree = "<group>";
		};
		ACAF5ED32223068F00644CB6 /* LaunchScreen.storyboard */ = {
			isa = PBXVariantGroup;
			children = (
				ACAF5ED42223068F00644CB6 /* Base */,
			);
			name = LaunchScreen.storyboard;
			sourceTree = "<group>";
		};
/* End PBXVariantGroup section */

/* Begin XCBuildConfiguration section */
		ACAF5EED2223069000644CB6 /* Debug */ = {
			isa = XCBuildConfiguration;
			buildSettings = {
				ALWAYS_SEARCH_USER_PATHS = NO;
				CLANG_ANALYZER_NONNULL = YES;
				CLANG_ANALYZER_NUMBER_OBJECT_CONVERSION = YES_AGGRESSIVE;
				CLANG_CXX_LANGUAGE_STANDARD = "gnu++14";
				CLANG_CXX_LIBRARY = "libc++";
				CLANG_ENABLE_MODULES = YES;
				CLANG_ENABLE_OBJC_ARC = YES;
				CLANG_ENABLE_OBJC_WEAK = YES;
				CLANG_WARN_BLOCK_CAPTURE_AUTORELEASING = YES;
				CLANG_WARN_BOOL_CONVERSION = YES;
				CLANG_WARN_COMMA = YES;
				CLANG_WARN_CONSTANT_CONVERSION = YES;
				CLANG_WARN_DEPRECATED_OBJC_IMPLEMENTATIONS = YES;
				CLANG_WARN_DIRECT_OBJC_ISA_USAGE = YES_ERROR;
				CLANG_WARN_DOCUMENTATION_COMMENTS = YES;
				CLANG_WARN_EMPTY_BODY = YES;
				CLANG_WARN_ENUM_CONVERSION = YES;
				CLANG_WARN_INFINITE_RECURSION = YES;
				CLANG_WARN_INT_CONVERSION = YES;
				CLANG_WARN_NON_LITERAL_NULL_CONVERSION = YES;
				CLANG_WARN_OBJC_IMPLICIT_RETAIN_SELF = YES;
				CLANG_WARN_OBJC_LITERAL_CONVERSION = YES;
				CLANG_WARN_OBJC_ROOT_CLASS = YES_ERROR;
				CLANG_WARN_RANGE_LOOP_ANALYSIS = YES;
				CLANG_WARN_STRICT_PROTOTYPES = YES;
				CLANG_WARN_SUSPICIOUS_MOVE = YES;
				CLANG_WARN_UNGUARDED_AVAILABILITY = YES_AGGRESSIVE;
				CLANG_WARN_UNREACHABLE_CODE = YES;
				CLANG_WARN__DUPLICATE_METHOD_MATCH = YES;
				CODE_SIGN_IDENTITY = "iPhone Developer";
				COPY_PHASE_STRIP = NO;
				DEBUG_INFORMATION_FORMAT = dwarf;
				ENABLE_STRICT_OBJC_MSGSEND = YES;
				ENABLE_TESTABILITY = YES;
				GCC_C_LANGUAGE_STANDARD = gnu11;
				GCC_DYNAMIC_NO_PIC = NO;
				GCC_NO_COMMON_BLOCKS = YES;
				GCC_OPTIMIZATION_LEVEL = 0;
				GCC_PREPROCESSOR_DEFINITIONS = (
					"DEBUG=1",
					"$(inherited)",
				);
				GCC_WARN_64_TO_32_BIT_CONVERSION = YES;
				GCC_WARN_ABOUT_RETURN_TYPE = YES_ERROR;
				GCC_WARN_UNDECLARED_SELECTOR = YES;
				GCC_WARN_UNINITIALIZED_AUTOS = YES_AGGRESSIVE;
				GCC_WARN_UNUSED_FUNCTION = YES;
				GCC_WARN_UNUSED_VARIABLE = YES;
				IPHONEOS_DEPLOYMENT_TARGET = 12.1;
				MTL_ENABLE_DEBUG_INFO = INCLUDE_SOURCE;
				MTL_FAST_MATH = YES;
				ONLY_ACTIVE_ARCH = YES;
				SDKROOT = iphoneos;
				SWIFT_ACTIVE_COMPILATION_CONDITIONS = DEBUG;
				SWIFT_OPTIMIZATION_LEVEL = "-Onone";
			};
			name = Debug;
		};
		ACAF5EEE2223069000644CB6 /* Release */ = {
			isa = XCBuildConfiguration;
			buildSettings = {
				ALWAYS_SEARCH_USER_PATHS = NO;
				CLANG_ANALYZER_NONNULL = YES;
				CLANG_ANALYZER_NUMBER_OBJECT_CONVERSION = YES_AGGRESSIVE;
				CLANG_CXX_LANGUAGE_STANDARD = "gnu++14";
				CLANG_CXX_LIBRARY = "libc++";
				CLANG_ENABLE_MODULES = YES;
				CLANG_ENABLE_OBJC_ARC = YES;
				CLANG_ENABLE_OBJC_WEAK = YES;
				CLANG_WARN_BLOCK_CAPTURE_AUTORELEASING = YES;
				CLANG_WARN_BOOL_CONVERSION = YES;
				CLANG_WARN_COMMA = YES;
				CLANG_WARN_CONSTANT_CONVERSION = YES;
				CLANG_WARN_DEPRECATED_OBJC_IMPLEMENTATIONS = YES;
				CLANG_WARN_DIRECT_OBJC_ISA_USAGE = YES_ERROR;
				CLANG_WARN_DOCUMENTATION_COMMENTS = YES;
				CLANG_WARN_EMPTY_BODY = YES;
				CLANG_WARN_ENUM_CONVERSION = YES;
				CLANG_WARN_INFINITE_RECURSION = YES;
				CLANG_WARN_INT_CONVERSION = YES;
				CLANG_WARN_NON_LITERAL_NULL_CONVERSION = YES;
				CLANG_WARN_OBJC_IMPLICIT_RETAIN_SELF = YES;
				CLANG_WARN_OBJC_LITERAL_CONVERSION = YES;
				CLANG_WARN_OBJC_ROOT_CLASS = YES_ERROR;
				CLANG_WARN_RANGE_LOOP_ANALYSIS = YES;
				CLANG_WARN_STRICT_PROTOTYPES = YES;
				CLANG_WARN_SUSPICIOUS_MOVE = YES;
				CLANG_WARN_UNGUARDED_AVAILABILITY = YES_AGGRESSIVE;
				CLANG_WARN_UNREACHABLE_CODE = YES;
				CLANG_WARN__DUPLICATE_METHOD_MATCH = YES;
				CODE_SIGN_IDENTITY = "iPhone Developer";
				COPY_PHASE_STRIP = NO;
				DEBUG_INFORMATION_FORMAT = "dwarf-with-dsym";
				ENABLE_NS_ASSERTIONS = NO;
				ENABLE_STRICT_OBJC_MSGSEND = YES;
				GCC_C_LANGUAGE_STANDARD = gnu11;
				GCC_NO_COMMON_BLOCKS = YES;
				GCC_WARN_64_TO_32_BIT_CONVERSION = YES;
				GCC_WARN_ABOUT_RETURN_TYPE = YES_ERROR;
				GCC_WARN_UNDECLARED_SELECTOR = YES;
				GCC_WARN_UNINITIALIZED_AUTOS = YES_AGGRESSIVE;
				GCC_WARN_UNUSED_FUNCTION = YES;
				GCC_WARN_UNUSED_VARIABLE = YES;
				IPHONEOS_DEPLOYMENT_TARGET = 12.1;
				MTL_ENABLE_DEBUG_INFO = NO;
				MTL_FAST_MATH = YES;
				SDKROOT = iphoneos;
				SWIFT_COMPILATION_MODE = wholemodule;
				SWIFT_OPTIMIZATION_LEVEL = "-O";
				VALIDATE_PRODUCT = YES;
			};
			name = Release;
		};
		ACAF5EF02223069000644CB6 /* Debug */ = {
			isa = XCBuildConfiguration;
			buildSettings = {
				ASSETCATALOG_COMPILER_APPICON_NAME = AppIcon;
				CODE_SIGN_STYLE = Automatic;
				DEVELOPMENT_TEAM = LY8GW7E7YS;
				INFOPLIST_FILE = TopMovies/Info.plist;
				LD_RUNPATH_SEARCH_PATHS = (
					"$(inherited)",
					"@executable_path/Frameworks",
				);
				PRODUCT_BUNDLE_IDENTIFIER = com.dra.TopMovies;
				PRODUCT_NAME = "$(TARGET_NAME)";
				SWIFT_VERSION = 4.2;
				TARGETED_DEVICE_FAMILY = "1,2";
			};
			name = Debug;
		};
		ACAF5EF12223069000644CB6 /* Release */ = {
			isa = XCBuildConfiguration;
			buildSettings = {
				ASSETCATALOG_COMPILER_APPICON_NAME = AppIcon;
				CODE_SIGN_STYLE = Automatic;
				DEVELOPMENT_TEAM = LY8GW7E7YS;
				INFOPLIST_FILE = TopMovies/Info.plist;
				LD_RUNPATH_SEARCH_PATHS = (
					"$(inherited)",
					"@executable_path/Frameworks",
				);
				PRODUCT_BUNDLE_IDENTIFIER = com.dra.TopMovies;
				PRODUCT_NAME = "$(TARGET_NAME)";
				SWIFT_VERSION = 4.2;
				TARGETED_DEVICE_FAMILY = "1,2";
			};
			name = Release;
		};
		ACAF5EF32223069000644CB6 /* Debug */ = {
			isa = XCBuildConfiguration;
			buildSettings = {
				ALWAYS_EMBED_SWIFT_STANDARD_LIBRARIES = YES;
				BUNDLE_LOADER = "$(TEST_HOST)";
				CODE_SIGN_STYLE = Automatic;
				DEVELOPMENT_TEAM = LY8GW7E7YS;
				INFOPLIST_FILE = TopMoviesTests/Info.plist;
				LD_RUNPATH_SEARCH_PATHS = (
					"$(inherited)",
					"@executable_path/Frameworks",
					"@loader_path/Frameworks",
				);
				PRODUCT_BUNDLE_IDENTIFIER = com.dra.TopMoviesTests;
				PRODUCT_NAME = "$(TARGET_NAME)";
				SWIFT_VERSION = 4.2;
				TARGETED_DEVICE_FAMILY = "1,2";
				TEST_HOST = "$(BUILT_PRODUCTS_DIR)/TopMovies.app/TopMovies";
			};
			name = Debug;
		};
		ACAF5EF42223069000644CB6 /* Release */ = {
			isa = XCBuildConfiguration;
			buildSettings = {
				ALWAYS_EMBED_SWIFT_STANDARD_LIBRARIES = YES;
				BUNDLE_LOADER = "$(TEST_HOST)";
				CODE_SIGN_STYLE = Automatic;
				DEVELOPMENT_TEAM = LY8GW7E7YS;
				INFOPLIST_FILE = TopMoviesTests/Info.plist;
				LD_RUNPATH_SEARCH_PATHS = (
					"$(inherited)",
					"@executable_path/Frameworks",
					"@loader_path/Frameworks",
				);
				PRODUCT_BUNDLE_IDENTIFIER = com.dra.TopMoviesTests;
				PRODUCT_NAME = "$(TARGET_NAME)";
				SWIFT_VERSION = 4.2;
				TARGETED_DEVICE_FAMILY = "1,2";
				TEST_HOST = "$(BUILT_PRODUCTS_DIR)/TopMovies.app/TopMovies";
			};
			name = Release;
		};
		ACAF5EF62223069000644CB6 /* Debug */ = {
			isa = XCBuildConfiguration;
			buildSettings = {
				ALWAYS_EMBED_SWIFT_STANDARD_LIBRARIES = YES;
				CODE_SIGN_STYLE = Automatic;
				DEVELOPMENT_TEAM = LY8GW7E7YS;
				INFOPLIST_FILE = TopMoviesUITests/Info.plist;
				LD_RUNPATH_SEARCH_PATHS = (
					"$(inherited)",
					"@executable_path/Frameworks",
					"@loader_path/Frameworks",
				);
				PRODUCT_BUNDLE_IDENTIFIER = com.dra.TopMoviesUITests;
				PRODUCT_NAME = "$(TARGET_NAME)";
				SWIFT_VERSION = 4.2;
				TARGETED_DEVICE_FAMILY = "1,2";
				TEST_TARGET_NAME = TopMovies;
			};
			name = Debug;
		};
		ACAF5EF72223069000644CB6 /* Release */ = {
			isa = XCBuildConfiguration;
			buildSettings = {
				ALWAYS_EMBED_SWIFT_STANDARD_LIBRARIES = YES;
				CODE_SIGN_STYLE = Automatic;
				DEVELOPMENT_TEAM = LY8GW7E7YS;
				INFOPLIST_FILE = TopMoviesUITests/Info.plist;
				LD_RUNPATH_SEARCH_PATHS = (
					"$(inherited)",
					"@executable_path/Frameworks",
					"@loader_path/Frameworks",
				);
				PRODUCT_BUNDLE_IDENTIFIER = com.dra.TopMoviesUITests;
				PRODUCT_NAME = "$(TARGET_NAME)";
				SWIFT_VERSION = 4.2;
				TARGETED_DEVICE_FAMILY = "1,2";
				TEST_TARGET_NAME = TopMovies;
			};
			name = Release;
		};
/* End XCBuildConfiguration section */

/* Begin XCConfigurationList section */
		ACAF5EBF2223068D00644CB6 /* Build configuration list for PBXProject "TopMovies" */ = {
			isa = XCConfigurationList;
			buildConfigurations = (
				ACAF5EED2223069000644CB6 /* Debug */,
				ACAF5EEE2223069000644CB6 /* Release */,
			);
			defaultConfigurationIsVisible = 0;
			defaultConfigurationName = Release;
		};
		ACAF5EEF2223069000644CB6 /* Build configuration list for PBXNativeTarget "TopMovies" */ = {
			isa = XCConfigurationList;
			buildConfigurations = (
				ACAF5EF02223069000644CB6 /* Debug */,
				ACAF5EF12223069000644CB6 /* Release */,
			);
			defaultConfigurationIsVisible = 0;
			defaultConfigurationName = Release;
		};
		ACAF5EF22223069000644CB6 /* Build configuration list for PBXNativeTarget "TopMoviesTests" */ = {
			isa = XCConfigurationList;
			buildConfigurations = (
				ACAF5EF32223069000644CB6 /* Debug */,
				ACAF5EF42223069000644CB6 /* Release */,
			);
			defaultConfigurationIsVisible = 0;
			defaultConfigurationName = Release;
		};
		ACAF5EF52223069000644CB6 /* Build configuration list for PBXNativeTarget "TopMoviesUITests" */ = {
			isa = XCConfigurationList;
			buildConfigurations = (
				ACAF5EF62223069000644CB6 /* Debug */,
				ACAF5EF72223069000644CB6 /* Release */,
			);
			defaultConfigurationIsVisible = 0;
			defaultConfigurationName = Release;
		};
/* End XCConfigurationList section */

/* Begin XCVersionGroup section */
		ACAF5ECE2223068D00644CB6 /* TopMovies.xcdatamodeld */ = {
			isa = XCVersionGroup;
			children = (
				ACAF5ECF2223068D00644CB6 /* TopMovies.xcdatamodel */,
			);
			currentVersion = ACAF5ECF2223068D00644CB6 /* TopMovies.xcdatamodel */;
			path = TopMovies.xcdatamodeld;
			sourceTree = "<group>";
			versionGroupType = wrapper.xcdatamodel;
		};
/* End XCVersionGroup section */
	};
	rootObject = ACAF5EBC2223068D00644CB6 /* Project object */;
}
